{
  "name": "xppai",
  "version": "1.0.22",
  "lockfileVersion": 3,
  "requires": true,
  "packages": {
    "": {
      "name": "xppai",
      "version": "1.0.22",
      "license": "MIT",
      "bin": {
        "xppai": "bin/xppai.js"
      },
      "engines": {
        "node": ">=18"
      }
    }
  }
}
